
Microsoft Visual Studio Solution File, Format Version 12.00
# Visual Studio Version 16
VisualStudioVersion = 16.0.31624.102
MinimumVisualStudioVersion = 10.0.40219.1
Project("{FAE04EC0-301F-11D3-BF4B-00C04F79EFBC}") = "Conditionals3", "Conditionals3.csproj", "{5B3F244A-C013-44A8-A546-815548DE1C85}"
EndProject
Global
	GlobalSection(SolutionConfigurationPlatforms) = preSolution
		Debug|Any CPU = Debug|Any CPU
		Release|Any CPU = Release|Any CPU
	EndGlobalSection
	GlobalSection(ProjectConfigurationPlatforms) = postSolution
		{5B3F244A-C013-44A8-A546-815548DE1C85}.Debug|Any CPU.ActiveCfg = Debug|Any CPU
		{5B3F244A-C013-44A8-A546-815548DE1C85}.Debug|Any CPU.Build.0 = Debug|Any CPU
		{5B3F244A-C013-44A8-A546-815548DE1C85}.Release|Any CPU.ActiveCfg = Release|Any CPU
		{5B3F244A-C013-44A8-A546-815548DE1C85}.Release|Any CPU.Build.0 = Release|Any CPU
	EndGlobalSection
	GlobalSection(SolutionProperties) = preSolution
		HideSolutionNode = FALSE
	EndGlobalSection
	GlobalSection(ExtensibilityGlobals) = postSolution
		SolutionGuid = {DA2FD383-EB28-4957-B04F-1FD66B446C7E}
	EndGlobalSection
EndGlobal
